// !$*UTF8*$!
{
	archiveVersion = 1;
	classes = {
	};
	objectVersion = 56;
	objects = {

/* Begin PBXBuildFile section */
		3E8DE6312AADB94200556980 /* RollaDemoApp.swift in Sources */ = {isa = PBXBuildFile; fileRef = 3E8DE6302AADB94200556980 /* RollaDemoApp.swift */; };
		3E8DE6332AADB94200556980 /* Persistence.swift in Sources */ = {isa = PBXBuildFile; fileRef = 3E8DE6322AADB94200556980 /* Persistence.swift */; };
		3E8DE6362AADB94200556980 /* RollaDemo.xcdatamodeld in Sources */ = {isa = PBXBuildFile; fileRef = 3E8DE6342AADB94200556980 /* RollaDemo.xcdatamodeld */; };
		3E8DE63A2AADB94300556980 /* Assets.xcassets in Resources */ = {isa = PBXBuildFile; fileRef = 3E8DE6392AADB94300556980 /* Assets.xcassets */; };
		3E8DE63E2AADB94300556980 /* Preview Assets.xcassets in Resources */ = {isa = PBXBuildFile; fileRef = 3E8DE63D2AADB94300556980 /* Preview Assets.xcassets */; };
		3E8DE6482AADB94300556980 /* RollaDemoTests.swift in Sources */ = {isa = PBXBuildFile; fileRef = 3E8DE6472AADB94300556980 /* RollaDemoTests.swift */; };
		3E8DE6522AADB94300556980 /* RollaDemoUITests.swift in Sources */ = {isa = PBXBuildFile; fileRef = 3E8DE6512AADB94300556980 /* RollaDemoUITests.swift */; };
		3E8DE6542AADB94300556980 /* RollaDemoUITestsLaunchTests.swift in Sources */ = {isa = PBXBuildFile; fileRef = 3E8DE6532AADB94300556980 /* RollaDemoUITestsLaunchTests.swift */; };
		3E8DE6692AADBD4900556980 /* Endpoint.swift in Sources */ = {isa = PBXBuildFile; fileRef = 3E8DE6682AADBD4900556980 /* Endpoint.swift */; };
		3E8DE66B2AADBD6900556980 /* HTTPClient.swift in Sources */ = {isa = PBXBuildFile; fileRef = 3E8DE66A2AADBD6900556980 /* HTTPClient.swift */; };
		3E8DE66D2AADBD7C00556980 /* HTTPMethod.swift in Sources */ = {isa = PBXBuildFile; fileRef = 3E8DE66C2AADBD7C00556980 /* HTTPMethod.swift */; };
		3E8DE66F2AADBD9100556980 /* RequestError.swift in Sources */ = {isa = PBXBuildFile; fileRef = 3E8DE66E2AADBD9100556980 /* RequestError.swift */; };
		3E8DE6722AADBDE500556980 /* URLComponents.swift in Sources */ = {isa = PBXBuildFile; fileRef = 3E8DE6712AADBDE500556980 /* URLComponents.swift */; };
		3E8DE6742AADBFB900556980 /* TabBarView.swift in Sources */ = {isa = PBXBuildFile; fileRef = 3E8DE6732AADBFB800556980 /* TabBarView.swift */; };
		3E8DE6762AAEEC0100556980 /* BLEView.swift in Sources */ = {isa = PBXBuildFile; fileRef = 3E8DE6752AAEEC0100556980 /* BLEView.swift */; };
		3E8DE6782AAEEC2700556980 /* LocationView.swift in Sources */ = {isa = PBXBuildFile; fileRef = 3E8DE6772AAEEC2700556980 /* LocationView.swift */; };
		3E8DE67A2AAEEC6000556980 /* AlgorithmView.swift in Sources */ = {isa = PBXBuildFile; fileRef = 3E8DE6792AAEEC6000556980 /* AlgorithmView.swift */; };
/* End PBXBuildFile section */

/* Begin PBXContainerItemProxy section */
		3E8DE6442AADB94300556980 /* PBXContainerItemProxy */ = {
			isa = PBXContainerItemProxy;
			containerPortal = 3E8DE6252AADB94200556980 /* Project object */;
			proxyType = 1;
			remoteGlobalIDString = 3E8DE62C2AADB94200556980;
			remoteInfo = RollaDemo;
		};
		3E8DE64E2AADB94300556980 /* PBXContainerItemProxy */ = {
			isa = PBXContainerItemProxy;
			containerPortal = 3E8DE6252AADB94200556980 /* Project object */;
			proxyType = 1;
			remoteGlobalIDString = 3E8DE62C2AADB94200556980;
			remoteInfo = RollaDemo;
		};
/* End PBXContainerItemProxy section */

/* Begin PBXFileReference section */
		3E8DE62D2AADB94200556980 /* RollaDemo.app */ = {isa = PBXFileReference; explicitFileType = wrapper.application; includeInIndex = 0; path = RollaDemo.app; sourceTree = BUILT_PRODUCTS_DIR; };
		3E8DE6302AADB94200556980 /* RollaDemoApp.swift */ = {isa = PBXFileReference; lastKnownFileType = sourcecode.swift; path = RollaDemoApp.swift; sourceTree = "<group>"; };
		3E8DE6322AADB94200556980 /* Persistence.swift */ = {isa = PBXFileReference; lastKnownFileType = sourcecode.swift; path = Persistence.swift; sourceTree = "<group>"; };
		3E8DE6352AADB94200556980 /* RollaDemo.xcdatamodel */ = {isa = PBXFileReference; lastKnownFileType = wrapper.xcdatamodel; path = RollaDemo.xcdatamodel; sourceTree = "<group>"; };
		3E8DE6392AADB94300556980 /* Assets.xcassets */ = {isa = PBXFileReference; lastKnownFileType = folder.assetcatalog; path = Assets.xcassets; sourceTree = "<group>"; };
		3E8DE63B2AADB94300556980 /* RollaDemo.entitlements */ = {isa = PBXFileReference; lastKnownFileType = text.plist.entitlements; path = RollaDemo.entitlements; sourceTree = "<group>"; };
		3E8DE63D2AADB94300556980 /* Preview Assets.xcassets */ = {isa = PBXFileReference; lastKnownFileType = folder.assetcatalog; path = "Preview Assets.xcassets"; sourceTree = "<group>"; };
		3E8DE6432AADB94300556980 /* RollaDemoTests.xctest */ = {isa = PBXFileReference; explicitFileType = wrapper.cfbundle; includeInIndex = 0; path = RollaDemoTests.xctest; sourceTree = BUILT_PRODUCTS_DIR; };
		3E8DE6472AADB94300556980 /* RollaDemoTests.swift */ = {isa = PBXFileReference; lastKnownFileType = sourcecode.swift; path = RollaDemoTests.swift; sourceTree = "<group>"; };
		3E8DE64D2AADB94300556980 /* RollaDemoUITests.xctest */ = {isa = PBXFileReference; explicitFileType = wrapper.cfbundle; includeInIndex = 0; path = RollaDemoUITests.xctest; sourceTree = BUILT_PRODUCTS_DIR; };
		3E8DE6512AADB94300556980 /* RollaDemoUITests.swift */ = {isa = PBXFileReference; lastKnownFileType = sourcecode.swift; path = RollaDemoUITests.swift; sourceTree = "<group>"; };
		3E8DE6532AADB94300556980 /* RollaDemoUITestsLaunchTests.swift */ = {isa = PBXFileReference; lastKnownFileType = sourcecode.swift; path = RollaDemoUITestsLaunchTests.swift; sourceTree = "<group>"; };
		3E8DE6682AADBD4900556980 /* Endpoint.swift */ = {isa = PBXFileReference; lastKnownFileType = sourcecode.swift; path = Endpoint.swift; sourceTree = "<group>"; };
		3E8DE66A2AADBD6900556980 /* HTTPClient.swift */ = {isa = PBXFileReference; lastKnownFileType = sourcecode.swift; path = HTTPClient.swift; sourceTree = "<group>"; };
		3E8DE66C2AADBD7C00556980 /* HTTPMethod.swift */ = {isa = PBXFileReference; lastKnownFileType = sourcecode.swift; path = HTTPMethod.swift; sourceTree = "<group>"; };
		3E8DE66E2AADBD9100556980 /* RequestError.swift */ = {isa = PBXFileReference; lastKnownFileType = sourcecode.swift; path = RequestError.swift; sourceTree = "<group>"; };
		3E8DE6712AADBDE500556980 /* URLComponents.swift */ = {isa = PBXFileReference; lastKnownFileType = sourcecode.swift; path = URLComponents.swift; sourceTree = "<group>"; };
		3E8DE6732AADBFB800556980 /* TabBarView.swift */ = {isa = PBXFileReference; lastKnownFileType = sourcecode.swift; path = TabBarView.swift; sourceTree = "<group>"; };
		3E8DE6752AAEEC0100556980 /* BLEView.swift */ = {isa = PBXFileReference; lastKnownFileType = sourcecode.swift; path = BLEView.swift; sourceTree = "<group>"; };
		3E8DE6772AAEEC2700556980 /* LocationView.swift */ = {isa = PBXFileReference; lastKnownFileType = sourcecode.swift; path = LocationView.swift; sourceTree = "<group>"; };
		3E8DE6792AAEEC6000556980 /* AlgorithmView.swift */ = {isa = PBXFileReference; lastKnownFileType = sourcecode.swift; path = AlgorithmView.swift; sourceTree = "<group>"; };
/* End PBXFileReference section */

/* Begin PBXFrameworksBuildPhase section */
		3E8DE62A2AADB94200556980 /* Frameworks */ = {
			isa = PBXFrameworksBuildPhase;
			buildActionMask = 2147483647;
			files = (
			);
			runOnlyForDeploymentPostprocessing = 0;
		};
		3E8DE6402AADB94300556980 /* Frameworks */ = {
			isa = PBXFrameworksBuildPhase;
			buildActionMask = 2147483647;
			files = (
			);
			runOnlyForDeploymentPostprocessing = 0;
		};
		3E8DE64A2AADB94300556980 /* Frameworks */ = {
			isa = PBXFrameworksBuildPhase;
			buildActionMask = 2147483647;
			files = (
			);
			runOnlyForDeploymentPostprocessing = 0;
		};
/* End PBXFrameworksBuildPhase section */

/* Begin PBXGroup section */
		3E8DE6242AADB94200556980 = {
			isa = PBXGroup;
			children = (
				3E8DE62F2AADB94200556980 /* RollaDemo */,
				3E8DE6462AADB94300556980 /* RollaDemoTests */,
				3E8DE6502AADB94300556980 /* RollaDemoUITests */,
				3E8DE62E2AADB94200556980 /* Products */,
			);
			sourceTree = "<group>";
		};
		3E8DE62E2AADB94200556980 /* Products */ = {
			isa = PBXGroup;
			children = (
				3E8DE62D2AADB94200556980 /* RollaDemo.app */,
				3E8DE6432AADB94300556980 /* RollaDemoTests.xctest */,
				3E8DE64D2AADB94300556980 /* RollaDemoUITests.xctest */,
			);
			name = Products;
			sourceTree = "<group>";
		};
		3E8DE62F2AADB94200556980 /* RollaDemo */ = {
			isa = PBXGroup;
			children = (
				3E8DE6642AADBAF600556980 /* Application */,
				3E8DE6632AADBAEF00556980 /* Model */,
				3E8DE6622AADBAEA00556980 /* View */,
				3E8DE6612AADBAE100556980 /* View Model */,
				3E8DE6602AADBADA00556980 /* Service */,
				3E8DE63B2AADB94300556980 /* RollaDemo.entitlements */,
				3E8DE6342AADB94200556980 /* RollaDemo.xcdatamodeld */,
				3E8DE63C2AADB94300556980 /* Preview Content */,
			);
			path = RollaDemo;
			sourceTree = "<group>";
		};
		3E8DE63C2AADB94300556980 /* Preview Content */ = {
			isa = PBXGroup;
			children = (
				3E8DE63D2AADB94300556980 /* Preview Assets.xcassets */,
			);
			path = "Preview Content";
			sourceTree = "<group>";
		};
		3E8DE6462AADB94300556980 /* RollaDemoTests */ = {
			isa = PBXGroup;
			children = (
				3E8DE6472AADB94300556980 /* RollaDemoTests.swift */,
			);
			path = RollaDemoTests;
			sourceTree = "<group>";
		};
		3E8DE6502AADB94300556980 /* RollaDemoUITests */ = {
			isa = PBXGroup;
			children = (
				3E8DE6512AADB94300556980 /* RollaDemoUITests.swift */,
				3E8DE6532AADB94300556980 /* RollaDemoUITestsLaunchTests.swift */,
			);
			path = RollaDemoUITests;
			sourceTree = "<group>";
		};
		3E8DE6602AADBADA00556980 /* Service */ = {
			isa = PBXGroup;
			children = (
				3E8DE6652AADBCC800556980 /* Persistance */,
				3E8DE6662AADBCCF00556980 /* Network */,
			);
			path = Service;
			sourceTree = "<group>";
		};
		3E8DE6612AADBAE100556980 /* View Model */ = {
			isa = PBXGroup;
			children = (
			);
			path = "View Model";
			sourceTree = "<group>";
		};
		3E8DE6622AADBAEA00556980 /* View */ = {
			isa = PBXGroup;
			children = (
				3E8DE6732AADBFB800556980 /* TabBarView.swift */,
				3E8DE6752AAEEC0100556980 /* BLEView.swift */,
				3E8DE6772AAEEC2700556980 /* LocationView.swift */,
				3E8DE6792AAEEC6000556980 /* AlgorithmView.swift */,
			);
			path = View;
			sourceTree = "<group>";
		};
		3E8DE6632AADBAEF00556980 /* Model */ = {
			isa = PBXGroup;
			children = (
			);
			path = Model;
			sourceTree = "<group>";
		};
		3E8DE6642AADBAF600556980 /* Application */ = {
			isa = PBXGroup;
			children = (
				3E8DE6702AADBDD900556980 /* Extension */,
				3E8DE6392AADB94300556980 /* Assets.xcassets */,
				3E8DE6302AADB94200556980 /* RollaDemoApp.swift */,
			);
			path = Application;
			sourceTree = "<group>";
		};
		3E8DE6652AADBCC800556980 /* Persistance */ = {
			isa = PBXGroup;
			children = (
				3E8DE6322AADB94200556980 /* Persistence.swift */,
			);
			path = Persistance;
			sourceTree = "<group>";
		};
		3E8DE6662AADBCCF00556980 /* Network */ = {
			isa = PBXGroup;
			children = (
				3E8DE6672AADBD2E00556980 /* Base */,
			);
			path = Network;
			sourceTree = "<group>";
		};
		3E8DE6672AADBD2E00556980 /* Base */ = {
			isa = PBXGroup;
			children = (
				3E8DE6682AADBD4900556980 /* Endpoint.swift */,
				3E8DE66A2AADBD6900556980 /* HTTPClient.swift */,
				3E8DE66C2AADBD7C00556980 /* HTTPMethod.swift */,
				3E8DE66E2AADBD9100556980 /* RequestError.swift */,
			);
			path = Base;
			sourceTree = "<group>";
		};
		3E8DE6702AADBDD900556980 /* Extension */ = {
			isa = PBXGroup;
			children = (
				3E8DE6712AADBDE500556980 /* URLComponents.swift */,
			);
			path = Extension;
			sourceTree = "<group>";
		};
/* End PBXGroup section */

/* Begin PBXNativeTarget section */
		3E8DE62C2AADB94200556980 /* RollaDemo */ = {
			isa = PBXNativeTarget;
			buildConfigurationList = 3E8DE6572AADB94300556980 /* Build configuration list for PBXNativeTarget "RollaDemo" */;
			buildPhases = (
				3E8DE6292AADB94200556980 /* Sources */,
				3E8DE62A2AADB94200556980 /* Frameworks */,
				3E8DE62B2AADB94200556980 /* Resources */,
			);
			buildRules = (
			);
			dependencies = (
			);
			name = RollaDemo;
			productName = RollaDemo;
			productReference = 3E8DE62D2AADB94200556980 /* RollaDemo.app */;
			productType = "com.apple.product-type.application";
		};
		3E8DE6422AADB94300556980 /* RollaDemoTests */ = {
			isa = PBXNativeTarget;
			buildConfigurationList = 3E8DE65A2AADB94300556980 /* Build configuration list for PBXNativeTarget "RollaDemoTests" */;
			buildPhases = (
				3E8DE63F2AADB94300556980 /* Sources */,
				3E8DE6402AADB94300556980 /* Frameworks */,
				3E8DE6412AADB94300556980 /* Resources */,
			);
			buildRules = (
			);
			dependencies = (
				3E8DE6452AADB94300556980 /* PBXTargetDependency */,
			);
			name = RollaDemoTests;
			productName = RollaDemoTests;
			productReference = 3E8DE6432AADB94300556980 /* RollaDemoTests.xctest */;
			productType = "com.apple.product-type.bundle.unit-test";
		};
		3E8DE64C2AADB94300556980 /* RollaDemoUITests */ = {
			isa = PBXNativeTarget;
			buildConfigurationList = 3E8DE65D2AADB94300556980 /* Build configuration list for PBXNativeTarget "RollaDemoUITests" */;
			buildPhases = (
				3E8DE6492AADB94300556980 /* Sources */,
				3E8DE64A2AADB94300556980 /* Frameworks */,
				3E8DE64B2AADB94300556980 /* Resources */,
			);
			buildRules = (
			);
			dependencies = (
				3E8DE64F2AADB94300556980 /* PBXTargetDependency */,
			);
			name = RollaDemoUITests;
			productName = RollaDemoUITests;
			productReference = 3E8DE64D2AADB94300556980 /* RollaDemoUITests.xctest */;
			productType = "com.apple.product-type.bundle.ui-testing";
		};
/* End PBXNativeTarget section */

/* Begin PBXProject section */
		3E8DE6252AADB94200556980 /* Project object */ = {
			isa = PBXProject;
			attributes = {
				BuildIndependentTargetsInParallel = 1;
				LastSwiftUpdateCheck = 1430;
				LastUpgradeCheck = 1430;
				TargetAttributes = {
					3E8DE62C2AADB94200556980 = {
						CreatedOnToolsVersion = 14.3.1;
					};
					3E8DE6422AADB94300556980 = {
						CreatedOnToolsVersion = 14.3.1;
						TestTargetID = 3E8DE62C2AADB94200556980;
					};
					3E8DE64C2AADB94300556980 = {
						CreatedOnToolsVersion = 14.3.1;
						TestTargetID = 3E8DE62C2AADB94200556980;
					};
				};
			};
			buildConfigurationList = 3E8DE6282AADB94200556980 /* Build configuration list for PBXProject "RollaDemo" */;
			compatibilityVersion = "Xcode 14.0";
			developmentRegion = en;
			hasScannedForEncodings = 0;
			knownRegions = (
				en,
				Base,
			);
			mainGroup = 3E8DE6242AADB94200556980;
			productRefGroup = 3E8DE62E2AADB94200556980 /* Products */;
			projectDirPath = "";
			projectRoot = "";
			targets = (
				3E8DE62C2AADB94200556980 /* RollaDemo */,
				3E8DE6422AADB94300556980 /* RollaDemoTests */,
				3E8DE64C2AADB94300556980 /* RollaDemoUITests */,
			);
		};
/* End PBXProject section */

/* Begin PBXResourcesBuildPhase section */
		3E8DE62B2AADB94200556980 /* Resources */ = {
			isa = PBXResourcesBuildPhase;
			buildActionMask = 2147483647;
			files = (
				3E8DE63E2AADB94300556980 /* Preview Assets.xcassets in Resources */,
				3E8DE63A2AADB94300556980 /* Assets.xcassets in Resources */,
			);
			runOnlyForDeploymentPostprocessing = 0;
		};
		3E8DE6412AADB94300556980 /* Resources */ = {
			isa = PBXResourcesBuildPhase;
			buildActionMask = 2147483647;
			files = (
			);
			runOnlyForDeploymentPostprocessing = 0;
		};
		3E8DE64B2AADB94300556980 /* Resources */ = {
			isa = PBXResourcesBuildPhase;
			buildActionMask = 2147483647;
			files = (
			);
			runOnlyForDeploymentPostprocessing = 0;
		};
/* End PBXResourcesBuildPhase section */

/* Begin PBXSourcesBuildPhase section */
		3E8DE6292AADB94200556980 /* Sources */ = {
			isa = PBXSourcesBuildPhase;
			buildActionMask = 2147483647;
			files = (
				3E8DE6722AADBDE500556980 /* URLComponents.swift in Sources */,
				3E8DE67A2AAEEC6000556980 /* AlgorithmView.swift in Sources */,
				3E8DE66F2AADBD9100556980 /* RequestError.swift in Sources */,
				3E8DE6782AAEEC2700556980 /* LocationView.swift in Sources */,
				3E8DE6312AADB94200556980 /* RollaDemoApp.swift in Sources */,
				3E8DE6742AADBFB900556980 /* TabBarView.swift in Sources */,
				3E8DE6332AADB94200556980 /* Persistence.swift in Sources */,
				3E8DE6762AAEEC0100556980 /* BLEView.swift in Sources */,
				3E8DE66D2AADBD7C00556980 /* HTTPMethod.swift in Sources */,
				3E8DE66B2AADBD6900556980 /* HTTPClient.swift in Sources */,
				3E8DE6362AADB94200556980 /* RollaDemo.xcdatamodeld in Sources */,
				3E8DE6692AADBD4900556980 /* Endpoint.swift in Sources */,
			);
			runOnlyForDeploymentPostprocessing = 0;
		};
		3E8DE63F2AADB94300556980 /* Sources */ = {
			isa = PBXSourcesBuildPhase;
			buildActionMask = 2147483647;
			files = (
				3E8DE6482AADB94300556980 /* RollaDemoTests.swift in Sources */,
			);
			runOnlyForDeploymentPostprocessing = 0;
		};
		3E8DE6492AADB94300556980 /* Sources */ = {
			isa = PBXSourcesBuildPhase;
			buildActionMask = 2147483647;
			files = (
				3E8DE6542AADB94300556980 /* RollaDemoUITestsLaunchTests.swift in Sources */,
				3E8DE6522AADB94300556980 /* RollaDemoUITests.swift in Sources */,
			);
			runOnlyForDeploymentPostprocessing = 0;
		};
/* End PBXSourcesBuildPhase section */

/* Begin PBXTargetDependency section */
		3E8DE6452AADB94300556980 /* PBXTargetDependency */ = {
			isa = PBXTargetDependency;
			target = 3E8DE62C2AADB94200556980 /* RollaDemo */;
			targetProxy = 3E8DE6442AADB94300556980 /* PBXContainerItemProxy */;
		};
		3E8DE64F2AADB94300556980 /* PBXTargetDependency */ = {
			isa = PBXTargetDependency;
			target = 3E8DE62C2AADB94200556980 /* RollaDemo */;
			targetProxy = 3E8DE64E2AADB94300556980 /* PBXContainerItemProxy */;
		};
/* End PBXTargetDependency section */

/* Begin XCBuildConfiguration section */
		3E8DE6552AADB94300556980 /* Debug */ = {
			isa = XCBuildConfiguration;
			buildSettings = {
				ALWAYS_SEARCH_USER_PATHS = NO;
				CLANG_ANALYZER_NONNULL = YES;
				CLANG_ANALYZER_NUMBER_OBJECT_CONVERSION = YES_AGGRESSIVE;
				CLANG_CXX_LANGUAGE_STANDARD = "gnu++20";
				CLANG_ENABLE_MODULES = YES;
				CLANG_ENABLE_OBJC_ARC = YES;
				CLANG_ENABLE_OBJC_WEAK = YES;
				CLANG_WARN_BLOCK_CAPTURE_AUTORELEASING = YES;
				CLANG_WARN_BOOL_CONVERSION = YES;
				CLANG_WARN_COMMA = YES;
				CLANG_WARN_CONSTANT_CONVERSION = YES;
				CLANG_WARN_DEPRECATED_OBJC_IMPLEMENTATIONS = YES;
				CLANG_WARN_DIRECT_OBJC_ISA_USAGE = YES_ERROR;
				CLANG_WARN_DOCUMENTATION_COMMENTS = YES;
				CLANG_WARN_EMPTY_BODY = YES;
				CLANG_WARN_ENUM_CONVERSION = YES;
				CLANG_WARN_INFINITE_RECURSION = YES;
				CLANG_WARN_INT_CONVERSION = YES;
				CLANG_WARN_NON_LITERAL_NULL_CONVERSION = YES;
				CLANG_WARN_OBJC_IMPLICIT_RETAIN_SELF = YES;
				CLANG_WARN_OBJC_LITERAL_CONVERSION = YES;
				CLANG_WARN_OBJC_ROOT_CLASS = YES_ERROR;
				CLANG_WARN_QUOTED_INCLUDE_IN_FRAMEWORK_HEADER = YES;
				CLANG_WARN_RANGE_LOOP_ANALYSIS = YES;
				CLANG_WARN_STRICT_PROTOTYPES = YES;
				CLANG_WARN_SUSPICIOUS_MOVE = YES;
				CLANG_WARN_UNGUARDED_AVAILABILITY = YES_AGGRESSIVE;
				CLANG_WARN_UNREACHABLE_CODE = YES;
				CLANG_WARN__DUPLICATE_METHOD_MATCH = YES;
				COPY_PHASE_STRIP = NO;
				DEBUG_INFORMATION_FORMAT = dwarf;
				ENABLE_STRICT_OBJC_MSGSEND = YES;
				ENABLE_TESTABILITY = YES;
				GCC_C_LANGUAGE_STANDARD = gnu11;
				GCC_DYNAMIC_NO_PIC = NO;
				GCC_NO_COMMON_BLOCKS = YES;
				GCC_OPTIMIZATION_LEVEL = 0;
				GCC_PREPROCESSOR_DEFINITIONS = (
					"DEBUG=1",
					"$(inherited)",
				);
				GCC_WARN_64_TO_32_BIT_CONVERSION = YES;
				GCC_WARN_ABOUT_RETURN_TYPE = YES_ERROR;
				GCC_WARN_UNDECLARED_SELECTOR = YES;
				GCC_WARN_UNINITIALIZED_AUTOS = YES_AGGRESSIVE;
				GCC_WARN_UNUSED_FUNCTION = YES;
				GCC_WARN_UNUSED_VARIABLE = YES;
				MTL_ENABLE_DEBUG_INFO = INCLUDE_SOURCE;
				MTL_FAST_MATH = YES;
				ONLY_ACTIVE_ARCH = YES;
				SWIFT_ACTIVE_COMPILATION_CONDITIONS = DEBUG;
				SWIFT_OPTIMIZATION_LEVEL = "-Onone";
			};
			name = Debug;
		};
		3E8DE6562AADB94300556980 /* Release */ = {
			isa = XCBuildConfiguration;
			buildSettings = {
				ALWAYS_SEARCH_USER_PATHS = NO;
				CLANG_ANALYZER_NONNULL = YES;
				CLANG_ANALYZER_NUMBER_OBJECT_CONVERSION = YES_AGGRESSIVE;
				CLANG_CXX_LANGUAGE_STANDARD = "gnu++20";
				CLANG_ENABLE_MODULES = YES;
				CLANG_ENABLE_OBJC_ARC = YES;
				CLANG_ENABLE_OBJC_WEAK = YES;
				CLANG_WARN_BLOCK_CAPTURE_AUTORELEASING = YES;
				CLANG_WARN_BOOL_CONVERSION = YES;
				CLANG_WARN_COMMA = YES;
				CLANG_WARN_CONSTANT_CONVERSION = YES;
				CLANG_WARN_DEPRECATED_OBJC_IMPLEMENTATIONS = YES;
				CLANG_WARN_DIRECT_OBJC_ISA_USAGE = YES_ERROR;
				CLANG_WARN_DOCUMENTATION_COMMENTS = YES;
				CLANG_WARN_EMPTY_BODY = YES;
				CLANG_WARN_ENUM_CONVERSION = YES;
				CLANG_WARN_INFINITE_RECURSION = YES;
				CLANG_WARN_INT_CONVERSION = YES;
				CLANG_WARN_NON_LITERAL_NULL_CONVERSION = YES;
				CLANG_WARN_OBJC_IMPLICIT_RETAIN_SELF = YES;
				CLANG_WARN_OBJC_LITERAL_CONVERSION = YES;
				CLANG_WARN_OBJC_ROOT_CLASS = YES_ERROR;
				CLANG_WARN_QUOTED_INCLUDE_IN_FRAMEWORK_HEADER = YES;
				CLANG_WARN_RANGE_LOOP_ANALYSIS = YES;
				CLANG_WARN_STRICT_PROTOTYPES = YES;
				CLANG_WARN_SUSPICIOUS_MOVE = YES;
				CLANG_WARN_UNGUARDED_AVAILABILITY = YES_AGGRESSIVE;
				CLANG_WARN_UNREACHABLE_CODE = YES;
				CLANG_WARN__DUPLICATE_METHOD_MATCH = YES;
				COPY_PHASE_STRIP = NO;
				DEBUG_INFORMATION_FORMAT = "dwarf-with-dsym";
				ENABLE_NS_ASSERTIONS = NO;
				ENABLE_STRICT_OBJC_MSGSEND = YES;
				GCC_C_LANGUAGE_STANDARD = gnu11;
				GCC_NO_COMMON_BLOCKS = YES;
				GCC_WARN_64_TO_32_BIT_CONVERSION = YES;
				GCC_WARN_ABOUT_RETURN_TYPE = YES_ERROR;
				GCC_WARN_UNDECLARED_SELECTOR = YES;
				GCC_WARN_UNINITIALIZED_AUTOS = YES_AGGRESSIVE;
				GCC_WARN_UNUSED_FUNCTION = YES;
				GCC_WARN_UNUSED_VARIABLE = YES;
				MTL_ENABLE_DEBUG_INFO = NO;
				MTL_FAST_MATH = YES;
				SWIFT_COMPILATION_MODE = wholemodule;
				SWIFT_OPTIMIZATION_LEVEL = "-O";
			};
			name = Release;
		};
		3E8DE6582AADB94300556980 /* Debug */ = {
			isa = XCBuildConfiguration;
			buildSettings = {
				ASSETCATALOG_COMPILER_APPICON_NAME = AppIcon;
				ASSETCATALOG_COMPILER_GLOBAL_ACCENT_COLOR_NAME = AccentColor;
				CODE_SIGN_ENTITLEMENTS = RollaDemo/RollaDemo.entitlements;
				CODE_SIGN_STYLE = Automatic;
				CURRENT_PROJECT_VERSION = 1;
				DEVELOPMENT_ASSET_PATHS = "\"RollaDemo/Preview Content\"";
				DEVELOPMENT_TEAM = JB4H896VDB;
				ENABLE_HARDENED_RUNTIME = YES;
				ENABLE_PREVIEWS = YES;
				GENERATE_INFOPLIST_FILE = YES;
				"INFOPLIST_KEY_UIApplicationSceneManifest_Generation[sdk=iphoneos*]" = YES;
				"INFOPLIST_KEY_UIApplicationSceneManifest_Generation[sdk=iphonesimulator*]" = YES;
				"INFOPLIST_KEY_UIApplicationSupportsIndirectInputEvents[sdk=iphoneos*]" = YES;
				"INFOPLIST_KEY_UIApplicationSupportsIndirectInputEvents[sdk=iphonesimulator*]" = YES;
				"INFOPLIST_KEY_UILaunchScreen_Generation[sdk=iphoneos*]" = YES;
				"INFOPLIST_KEY_UILaunchScreen_Generation[sdk=iphonesimulator*]" = YES;
				"INFOPLIST_KEY_UIStatusBarStyle[sdk=iphoneos*]" = UIStatusBarStyleDefault;
				"INFOPLIST_KEY_UIStatusBarStyle[sdk=iphonesimulator*]" = UIStatusBarStyleDefault;
				INFOPLIST_KEY_UISupportedInterfaceOrientations_iPad = "UIInterfaceOrientationPortrait UIInterfaceOrientationPortraitUpsideDown UIInterfaceOrientationLandscapeLeft UIInterfaceOrientationLandscapeRight";
				INFOPLIST_KEY_UISupportedInterfaceOrientations_iPhone = "UIInterfaceOrientationPortrait UIInterfaceOrientationLandscapeLeft UIInterfaceOrientationLandscapeRight";
				IPHONEOS_DEPLOYMENT_TARGET = 16.4;
				LD_RUNPATH_SEARCH_PATHS = "@executable_path/Frameworks";
				"LD_RUNPATH_SEARCH_PATHS[sdk=macosx*]" = "@executable_path/../Frameworks";
				MACOSX_DEPLOYMENT_TARGET = 13.3;
				MARKETING_VERSION = 1.0;
				PRODUCT_BUNDLE_IDENTIFIER = com.negev.RollaDemo;
				PRODUCT_NAME = "$(TARGET_NAME)";
				SDKROOT = auto;
				SUPPORTED_PLATFORMS = "iphoneos iphonesimulator macosx";
				SWIFT_EMIT_LOC_STRINGS = YES;
				SWIFT_VERSION = 5.0;
				TARGETED_DEVICE_FAMILY = "1,2";
			};
			name = Debug;
		};
		3E8DE6592AADB94300556980 /* Release */ = {
			isa = XCBuildConfiguration;
			buildSettings = {
				ASSETCATALOG_COMPILER_APPICON_NAME = AppIcon;
				ASSETCATALOG_COMPILER_GLOBAL_ACCENT_COLOR_NAME = AccentColor;
				CODE_SIGN_ENTITLEMENTS = RollaDemo/RollaDemo.entitlements;
				CODE_SIGN_STYLE = Automatic;
				CURRENT_PROJECT_VERSION = 1;
				DEVELOPMENT_ASSET_PATHS = "\"RollaDemo/Preview Content\"";
				DEVELOPMENT_TEAM = JB4H896VDB;
				ENABLE_HARDENED_RUNTIME = YES;
				ENABLE_PREVIEWS = YES;
				GENERATE_INFOPLIST_FILE = YES;
				"INFOPLIST_KEY_UIApplicationSceneManifest_Generation[sdk=iphoneos*]" = YES;
				"INFOPLIST_KEY_UIApplicationSceneManifest_Generation[sdk=iphonesimulator*]" = YES;
				"INFOPLIST_KEY_UIApplicationSupportsIndirectInputEvents[sdk=iphoneos*]" = YES;
				"INFOPLIST_KEY_UIApplicationSupportsIndirectInputEvents[sdk=iphonesimulator*]" = YES;
				"INFOPLIST_KEY_UILaunchScreen_Generation[sdk=iphoneos*]" = YES;
				"INFOPLIST_KEY_UILaunchScreen_Generation[sdk=iphonesimulator*]" = YES;
				"INFOPLIST_KEY_UIStatusBarStyle[sdk=iphoneos*]" = UIStatusBarStyleDefault;
				"INFOPLIST_KEY_UIStatusBarStyle[sdk=iphonesimulator*]" = UIStatusBarStyleDefault;
				INFOPLIST_KEY_UISupportedInterfaceOrientations_iPad = "UIInterfaceOrientationPortrait UIInterfaceOrientationPortraitUpsideDown UIInterfaceOrientationLandscapeLeft UIInterfaceOrientationLandscapeRight";
				INFOPLIST_KEY_UISupportedInterfaceOrientations_iPhone = "UIInterfaceOrientationPortrait UIInterfaceOrientationLandscapeLeft UIInterfaceOrientationLandscapeRight";
				IPHONEOS_DEPLOYMENT_TARGET = 16.4;
				LD_RUNPATH_SEARCH_PATHS = "@executable_path/Frameworks";
				"LD_RUNPATH_SEARCH_PATHS[sdk=macosx*]" = "@executable_path/../Frameworks";
				MACOSX_DEPLOYMENT_TARGET = 13.3;
				MARKETING_VERSION = 1.0;
				PRODUCT_BUNDLE_IDENTIFIER = com.negev.RollaDemo;
				PRODUCT_NAME = "$(TARGET_NAME)";
				SDKROOT = auto;
				SUPPORTED_PLATFORMS = "iphoneos iphonesimulator macosx";
				SWIFT_EMIT_LOC_STRINGS = YES;
				SWIFT_VERSION = 5.0;
				TARGETED_DEVICE_FAMILY = "1,2";
			};
			name = Release;
		};
		3E8DE65B2AADB94300556980 /* Debug */ = {
			isa = XCBuildConfiguration;
			buildSettings = {
				ALWAYS_EMBED_SWIFT_STANDARD_LIBRARIES = YES;
				BUNDLE_LOADER = "$(TEST_HOST)";
				CODE_SIGN_STYLE = Automatic;
				CURRENT_PROJECT_VERSION = 1;
				DEVELOPMENT_TEAM = JB4H896VDB;
				GENERATE_INFOPLIST_FILE = YES;
				IPHONEOS_DEPLOYMENT_TARGET = 16.4;
				MACOSX_DEPLOYMENT_TARGET = 13.3;
				MARKETING_VERSION = 1.0;
				PRODUCT_BUNDLE_IDENTIFIER = com.negev.RollaDemoTests;
				PRODUCT_NAME = "$(TARGET_NAME)";
				SDKROOT = auto;
				SUPPORTED_PLATFORMS = "iphoneos iphonesimulator macosx";
				SWIFT_EMIT_LOC_STRINGS = NO;
				SWIFT_VERSION = 5.0;
				TARGETED_DEVICE_FAMILY = "1,2";
				TEST_HOST = "$(BUILT_PRODUCTS_DIR)/RollaDemo.app/$(BUNDLE_EXECUTABLE_FOLDER_PATH)/RollaDemo";
			};
			name = Debug;
		};
		3E8DE65C2AADB94300556980 /* Release */ = {
			isa = XCBuildConfiguration;
			buildSettings = {
				ALWAYS_EMBED_SWIFT_STANDARD_LIBRARIES = YES;
				BUNDLE_LOADER = "$(TEST_HOST)";
				CODE_SIGN_STYLE = Automatic;
				CURRENT_PROJECT_VERSION = 1;
				DEVELOPMENT_TEAM = JB4H896VDB;
				GENERATE_INFOPLIST_FILE = YES;
				IPHONEOS_DEPLOYMENT_TARGET = 16.4;
				MACOSX_DEPLOYMENT_TARGET = 13.3;
				MARKETING_VERSION = 1.0;
				PRODUCT_BUNDLE_IDENTIFIER = com.negev.RollaDemoTests;
				PRODUCT_NAME = "$(TARGET_NAME)";
				SDKROOT = auto;
				SUPPORTED_PLATFORMS = "iphoneos iphonesimulator macosx";
				SWIFT_EMIT_LOC_STRINGS = NO;
				SWIFT_VERSION = 5.0;
				TARGETED_DEVICE_FAMILY = "1,2";
				TEST_HOST = "$(BUILT_PRODUCTS_DIR)/RollaDemo.app/$(BUNDLE_EXECUTABLE_FOLDER_PATH)/RollaDemo";
			};
			name = Release;
		};
		3E8DE65E2AADB94300556980 /* Debug */ = {
			isa = XCBuildConfiguration;
			buildSettings = {
				ALWAYS_EMBED_SWIFT_STANDARD_LIBRARIES = YES;
				CODE_SIGN_STYLE = Automatic;
				CURRENT_PROJECT_VERSION = 1;
				DEVELOPMENT_TEAM = JB4H896VDB;
				GENERATE_INFOPLIST_FILE = YES;
				IPHONEOS_DEPLOYMENT_TARGET = 16.4;
				MACOSX_DEPLOYMENT_TARGET = 13.3;
				MARKETING_VERSION = 1.0;
				PRODUCT_BUNDLE_IDENTIFIER = com.negev.RollaDemoUITests;
				PRODUCT_NAME = "$(TARGET_NAME)";
				SDKROOT = auto;
				SUPPORTED_PLATFORMS = "iphoneos iphonesimulator macosx";
				SWIFT_EMIT_LOC_STRINGS = NO;
				SWIFT_VERSION = 5.0;
				TARGETED_DEVICE_FAMILY = "1,2";
				TEST_TARGET_NAME = RollaDemo;
			};
			name = Debug;
		};
		3E8DE65F2AADB94300556980 /* Release */ = {
			isa = XCBuildConfiguration;
			buildSettings = {
				ALWAYS_EMBED_SWIFT_STANDARD_LIBRARIES = YES;
				CODE_SIGN_STYLE = Automatic;
				CURRENT_PROJECT_VERSION = 1;
				DEVELOPMENT_TEAM = JB4H896VDB;
				GENERATE_INFOPLIST_FILE = YES;
				IPHONEOS_DEPLOYMENT_TARGET = 16.4;
				MACOSX_DEPLOYMENT_TARGET = 13.3;
				MARKETING_VERSION = 1.0;
				PRODUCT_BUNDLE_IDENTIFIER = com.negev.RollaDemoUITests;
				PRODUCT_NAME = "$(TARGET_NAME)";
				SDKROOT = auto;
				SUPPORTED_PLATFORMS = "iphoneos iphonesimulator macosx";
				SWIFT_EMIT_LOC_STRINGS = NO;
				SWIFT_VERSION = 5.0;
				TARGETED_DEVICE_FAMILY = "1,2";
				TEST_TARGET_NAME = RollaDemo;
			};
			name = Release;
		};
/* End XCBuildConfiguration section */

/* Begin XCConfigurationList section */
		3E8DE6282AADB94200556980 /* Build configuration list for PBXProject "RollaDemo" */ = {
			isa = XCConfigurationList;
			buildConfigurations = (
				3E8DE6552AADB94300556980 /* Debug */,
				3E8DE6562AADB94300556980 /* Release */,
			);
			defaultConfigurationIsVisible = 0;
			defaultConfigurationName = Release;
		};
		3E8DE6572AADB94300556980 /* Build configuration list for PBXNativeTarget "RollaDemo" */ = {
			isa = XCConfigurationList;
			buildConfigurations = (
				3E8DE6582AADB94300556980 /* Debug */,
				3E8DE6592AADB94300556980 /* Release */,
			);
			defaultConfigurationIsVisible = 0;
			defaultConfigurationName = Release;
		};
		3E8DE65A2AADB94300556980 /* Build configuration list for PBXNativeTarget "RollaDemoTests" */ = {
			isa = XCConfigurationList;
			buildConfigurations = (
				3E8DE65B2AADB94300556980 /* Debug */,
				3E8DE65C2AADB94300556980 /* Release */,
			);
			defaultConfigurationIsVisible = 0;
			defaultConfigurationName = Release;
		};
		3E8DE65D2AADB94300556980 /* Build configuration list for PBXNativeTarget "RollaDemoUITests" */ = {
			isa = XCConfigurationList;
			buildConfigurations = (
				3E8DE65E2AADB94300556980 /* Debug */,
				3E8DE65F2AADB94300556980 /* Release */,
			);
			defaultConfigurationIsVisible = 0;
			defaultConfigurationName = Release;
		};
/* End XCConfigurationList section */

/* Begin XCVersionGroup section */
		3E8DE6342AADB94200556980 /* RollaDemo.xcdatamodeld */ = {
			isa = XCVersionGroup;
			children = (
				3E8DE6352AADB94200556980 /* RollaDemo.xcdatamodel */,
			);
			currentVersion = 3E8DE6352AADB94200556980 /* RollaDemo.xcdatamodel */;
			path = RollaDemo.xcdatamodeld;
			sourceTree = "<group>";
			versionGroupType = wrapper.xcdatamodel;
		};
/* End XCVersionGroup section */
	};
	rootObject = 3E8DE6252AADB94200556980 /* Project object */;
}
